{
  "object": {
    "pins": [
      {
        "package": "MicroClient",
        "repositoryURL": "https://github.com/otaviocc/MicroClient",
        "state": {
          "branch": null,
          "revision": "46cc459b534c9c600981834fa56342ad8be9f9de",
          "version": "0.0.13"
        }
      }
    ]
  },
  "version": 1
}
