{
  "object": {
    "pins": [
      {
        "package": "MicroClient",
        "repositoryURL": "https://github.com/otaviocc/MicroClient",
        "state": {
          "branch": null,
          "revision": "4de5776b9683cf53478d69878e7eb2a6adc29e1b",
          "version": "0.0.15"
        }
      }
    ]
  },
  "version": 1
}
