{
  "object": {
    "pins": [
      {
        "package": "MicroClient",
        "repositoryURL": "https://github.com/otaviocc/MicroClient",
        "state": {
          "branch": null,
          "revision": "66d078c67f7173843fc20cda9140bd9d80edf584",
          "version": "0.0.14"
        }
      }
    ]
  },
  "version": 1
}
